
Microsoft Visual Studio Solution File, Format Version 12.00
# Visual Studio Version 17
VisualStudioVersion = 17.14.36203.30 d17.14
MinimumVisualStudioVersion = 10.0.40219.1
Project("{FAE04EC0-301F-11D3-BF4B-00C04F79EFBC}") = "git_cs01", "git_cs01\git_cs01.csproj", "{FA29F9FE-E57B-410F-BDEF-676171E9D6CF}"
EndProject
Global
	GlobalSection(SolutionConfigurationPlatforms) = preSolution
		Debug|Any CPU = Debug|Any CPU
		Release|Any CPU = Release|Any CPU
	EndGlobalSection
	GlobalSection(ProjectConfigurationPlatforms) = postSolution
		{FA29F9FE-E57B-410F-BDEF-676171E9D6CF}.Debug|Any CPU.ActiveCfg = Debug|Any CPU
		{FA29F9FE-E57B-410F-BDEF-676171E9D6CF}.Debug|Any CPU.Build.0 = Debug|Any CPU
		{FA29F9FE-E57B-410F-BDEF-676171E9D6CF}.Release|Any CPU.ActiveCfg = Release|Any CPU
		{FA29F9FE-E57B-410F-BDEF-676171E9D6CF}.Release|Any CPU.Build.0 = Release|Any CPU
	EndGlobalSection
	GlobalSection(SolutionProperties) = preSolution
		HideSolutionNode = FALSE
	EndGlobalSection
	GlobalSection(ExtensibilityGlobals) = postSolution
		SolutionGuid = {DFC06552-906A-421B-820A-61136CB64E56}
	EndGlobalSection
EndGlobal
